
Microsoft Visual Studio Solution File, Format Version 12.00
# Visual Studio Version 17
VisualStudioVersion = 17.0.31903.59
MinimumVisualStudioVersion = 10.0.40219.1
Project("{9A19103F-16F7-4668-BE54-9A1E7A4F7556}") = "EveryWhere.API", "EveryWhere.API\EveryWhere.API.csproj", "{086F10F6-B793-4DE5-ADDE-DD4EE4DE445F}"
EndProject
Project("{9A19103F-16F7-4668-BE54-9A1E7A4F7556}") = "EveryWhere.Desktop", "EveryWhere.Desktop\EveryWhere.Desktop.csproj", "{BEFDA838-7E32-403C-B4D1-A9020B509ED9}"
EndProject
Project("{9A19103F-16F7-4668-BE54-9A1E7A4F7556}") = "EveryWhere.FileServer", "EveryWhere.FileConvert\EveryWhere.FileServer.csproj", "{F8299883-6675-4859-8693-9B19136E2E8A}"
EndProject
Project("{9A19103F-16F7-4668-BE54-9A1E7A4F7556}") = "EveryWhere.DTO", "EveryWhere.DTO\EveryWhere.DTO.csproj", "{C7AAFC06-BEA6-412B-9129-F5F36BCA0579}"
EndProject
Project("{2150E333-8FDC-42A3-9474-1A3956D46DE8}") = "Solution Items", "Solution Items", "{98855BD5-E59A-4A4D-8DDE-A83CB50E77F6}"
	ProjectSection(SolutionItems) = preProject
		LICENSE = LICENSE
		README.md = README.md
	EndProjectSection
EndProject
Global
	GlobalSection(SolutionConfigurationPlatforms) = preSolution
		Debug|Any CPU = Debug|Any CPU
		Debug|arm64 = Debug|arm64
		Debug|x64 = Debug|x64
		Debug|x86 = Debug|x86
		Release|Any CPU = Release|Any CPU
		Release|arm64 = Release|arm64
		Release|x64 = Release|x64
		Release|x86 = Release|x86
	EndGlobalSection
	GlobalSection(ProjectConfigurationPlatforms) = postSolution
		{086F10F6-B793-4DE5-ADDE-DD4EE4DE445F}.Debug|Any CPU.ActiveCfg = Debug|Any CPU
		{086F10F6-B793-4DE5-ADDE-DD4EE4DE445F}.Debug|Any CPU.Build.0 = Debug|Any CPU
		{086F10F6-B793-4DE5-ADDE-DD4EE4DE445F}.Debug|arm64.ActiveCfg = Debug|Any CPU
		{086F10F6-B793-4DE5-ADDE-DD4EE4DE445F}.Debug|arm64.Build.0 = Debug|Any CPU
		{086F10F6-B793-4DE5-ADDE-DD4EE4DE445F}.Debug|x64.ActiveCfg = Debug|Any CPU
		{086F10F6-B793-4DE5-ADDE-DD4EE4DE445F}.Debug|x64.Build.0 = Debug|Any CPU
		{086F10F6-B793-4DE5-ADDE-DD4EE4DE445F}.Debug|x86.ActiveCfg = Debug|Any CPU
		{086F10F6-B793-4DE5-ADDE-DD4EE4DE445F}.Debug|x86.Build.0 = Debug|Any CPU
		{086F10F6-B793-4DE5-ADDE-DD4EE4DE445F}.Release|Any CPU.ActiveCfg = Release|Any CPU
		{086F10F6-B793-4DE5-ADDE-DD4EE4DE445F}.Release|Any CPU.Build.0 = Release|Any CPU
		{086F10F6-B793-4DE5-ADDE-DD4EE4DE445F}.Release|arm64.ActiveCfg = Release|Any CPU
		{086F10F6-B793-4DE5-ADDE-DD4EE4DE445F}.Release|arm64.Build.0 = Release|Any CPU
		{086F10F6-B793-4DE5-ADDE-DD4EE4DE445F}.Release|x64.ActiveCfg = Release|Any CPU
		{086F10F6-B793-4DE5-ADDE-DD4EE4DE445F}.Release|x64.Build.0 = Release|Any CPU
		{086F10F6-B793-4DE5-ADDE-DD4EE4DE445F}.Release|x86.ActiveCfg = Release|Any CPU
		{086F10F6-B793-4DE5-ADDE-DD4EE4DE445F}.Release|x86.Build.0 = Release|Any CPU
		{BEFDA838-7E32-403C-B4D1-A9020B509ED9}.Debug|Any CPU.ActiveCfg = Debug|x64
		{BEFDA838-7E32-403C-B4D1-A9020B509ED9}.Debug|Any CPU.Build.0 = Debug|x64
		{BEFDA838-7E32-403C-B4D1-A9020B509ED9}.Debug|Any CPU.Deploy.0 = Debug|x64
		{BEFDA838-7E32-403C-B4D1-A9020B509ED9}.Debug|arm64.ActiveCfg = Debug|arm64
		{BEFDA838-7E32-403C-B4D1-A9020B509ED9}.Debug|arm64.Build.0 = Debug|arm64
		{BEFDA838-7E32-403C-B4D1-A9020B509ED9}.Debug|arm64.Deploy.0 = Debug|arm64
		{BEFDA838-7E32-403C-B4D1-A9020B509ED9}.Debug|x64.ActiveCfg = Debug|x64
		{BEFDA838-7E32-403C-B4D1-A9020B509ED9}.Debug|x64.Build.0 = Debug|x64
		{BEFDA838-7E32-403C-B4D1-A9020B509ED9}.Debug|x64.Deploy.0 = Debug|x64
		{BEFDA838-7E32-403C-B4D1-A9020B509ED9}.Debug|x86.ActiveCfg = Debug|x86
		{BEFDA838-7E32-403C-B4D1-A9020B509ED9}.Debug|x86.Build.0 = Debug|x86
		{BEFDA838-7E32-403C-B4D1-A9020B509ED9}.Debug|x86.Deploy.0 = Debug|x86
		{BEFDA838-7E32-403C-B4D1-A9020B509ED9}.Release|Any CPU.ActiveCfg = Release|x64
		{BEFDA838-7E32-403C-B4D1-A9020B509ED9}.Release|Any CPU.Build.0 = Release|x64
		{BEFDA838-7E32-403C-B4D1-A9020B509ED9}.Release|Any CPU.Deploy.0 = Release|x64
		{BEFDA838-7E32-403C-B4D1-A9020B509ED9}.Release|arm64.ActiveCfg = Release|arm64
		{BEFDA838-7E32-403C-B4D1-A9020B509ED9}.Release|arm64.Build.0 = Release|arm64
		{BEFDA838-7E32-403C-B4D1-A9020B509ED9}.Release|arm64.Deploy.0 = Release|arm64
		{BEFDA838-7E32-403C-B4D1-A9020B509ED9}.Release|x64.ActiveCfg = Release|x64
		{BEFDA838-7E32-403C-B4D1-A9020B509ED9}.Release|x64.Build.0 = Release|x64
		{BEFDA838-7E32-403C-B4D1-A9020B509ED9}.Release|x64.Deploy.0 = Release|x64
		{BEFDA838-7E32-403C-B4D1-A9020B509ED9}.Release|x86.ActiveCfg = Release|x86
		{BEFDA838-7E32-403C-B4D1-A9020B509ED9}.Release|x86.Build.0 = Release|x86
		{BEFDA838-7E32-403C-B4D1-A9020B509ED9}.Release|x86.Deploy.0 = Release|x86
		{F8299883-6675-4859-8693-9B19136E2E8A}.Debug|Any CPU.ActiveCfg = Debug|Any CPU
		{F8299883-6675-4859-8693-9B19136E2E8A}.Debug|Any CPU.Build.0 = Debug|Any CPU
		{F8299883-6675-4859-8693-9B19136E2E8A}.Debug|arm64.ActiveCfg = Debug|Any CPU
		{F8299883-6675-4859-8693-9B19136E2E8A}.Debug|arm64.Build.0 = Debug|Any CPU
		{F8299883-6675-4859-8693-9B19136E2E8A}.Debug|x64.ActiveCfg = Debug|Any CPU
		{F8299883-6675-4859-8693-9B19136E2E8A}.Debug|x64.Build.0 = Debug|Any CPU
		{F8299883-6675-4859-8693-9B19136E2E8A}.Debug|x86.ActiveCfg = Debug|Any CPU
		{F8299883-6675-4859-8693-9B19136E2E8A}.Debug|x86.Build.0 = Debug|Any CPU
		{F8299883-6675-4859-8693-9B19136E2E8A}.Release|Any CPU.ActiveCfg = Release|Any CPU
		{F8299883-6675-4859-8693-9B19136E2E8A}.Release|Any CPU.Build.0 = Release|Any CPU
		{F8299883-6675-4859-8693-9B19136E2E8A}.Release|arm64.ActiveCfg = Release|Any CPU
		{F8299883-6675-4859-8693-9B19136E2E8A}.Release|arm64.Build.0 = Release|Any CPU
		{F8299883-6675-4859-8693-9B19136E2E8A}.Release|x64.ActiveCfg = Release|Any CPU
		{F8299883-6675-4859-8693-9B19136E2E8A}.Release|x64.Build.0 = Release|Any CPU
		{F8299883-6675-4859-8693-9B19136E2E8A}.Release|x86.ActiveCfg = Release|Any CPU
		{F8299883-6675-4859-8693-9B19136E2E8A}.Release|x86.Build.0 = Release|Any CPU
		{C7AAFC06-BEA6-412B-9129-F5F36BCA0579}.Debug|Any CPU.ActiveCfg = Debug|Any CPU
		{C7AAFC06-BEA6-412B-9129-F5F36BCA0579}.Debug|Any CPU.Build.0 = Debug|Any CPU
		{C7AAFC06-BEA6-412B-9129-F5F36BCA0579}.Debug|arm64.ActiveCfg = Debug|Any CPU
		{C7AAFC06-BEA6-412B-9129-F5F36BCA0579}.Debug|arm64.Build.0 = Debug|Any CPU
		{C7AAFC06-BEA6-412B-9129-F5F36BCA0579}.Debug|x64.ActiveCfg = Debug|Any CPU
		{C7AAFC06-BEA6-412B-9129-F5F36BCA0579}.Debug|x64.Build.0 = Debug|Any CPU
		{C7AAFC06-BEA6-412B-9129-F5F36BCA0579}.Debug|x86.ActiveCfg = Debug|Any CPU
		{C7AAFC06-BEA6-412B-9129-F5F36BCA0579}.Debug|x86.Build.0 = Debug|Any CPU
		{C7AAFC06-BEA6-412B-9129-F5F36BCA0579}.Release|Any CPU.ActiveCfg = Release|Any CPU
		{C7AAFC06-BEA6-412B-9129-F5F36BCA0579}.Release|Any CPU.Build.0 = Release|Any CPU
		{C7AAFC06-BEA6-412B-9129-F5F36BCA0579}.Release|arm64.ActiveCfg = Release|Any CPU
		{C7AAFC06-BEA6-412B-9129-F5F36BCA0579}.Release|arm64.Build.0 = Release|Any CPU
		{C7AAFC06-BEA6-412B-9129-F5F36BCA0579}.Release|x64.ActiveCfg = Release|Any CPU
		{C7AAFC06-BEA6-412B-9129-F5F36BCA0579}.Release|x64.Build.0 = Release|Any CPU
		{C7AAFC06-BEA6-412B-9129-F5F36BCA0579}.Release|x86.ActiveCfg = Release|Any CPU
		{C7AAFC06-BEA6-412B-9129-F5F36BCA0579}.Release|x86.Build.0 = Release|Any CPU
	EndGlobalSection
	GlobalSection(SolutionProperties) = preSolution
		HideSolutionNode = FALSE
	EndGlobalSection
	GlobalSection(ExtensibilityGlobals) = postSolution
		SolutionGuid = {B83B9C36-FB51-4D45-ACC2-31B64E0995C8}
	EndGlobalSection
EndGlobal
